// !$*UTF8*$!
{
	archiveVersion = 1;
	classes = {
	};
	objectVersion = 55;
	objects = {

/* Begin PBXBuildFile section */
		62249B772708DE4D0040E177 /* LoginController.swift in Sources */ = {isa = PBXBuildFile; fileRef = 62249B762708DE4D0040E177 /* LoginController.swift */; };
		62249B7B2708E44E0040E177 /* UIColor+CustomColor.swift in Sources */ = {isa = PBXBuildFile; fileRef = 62249B7A2708E44E0040E177 /* UIColor+CustomColor.swift */; };
		62249B7D270907A00040E177 /* HBNavigationController.swift in Sources */ = {isa = PBXBuildFile; fileRef = 62249B7C270907A00040E177 /* HBNavigationController.swift */; };
		62249B7F270909A10040E177 /* HomeController.swift in Sources */ = {isa = PBXBuildFile; fileRef = 62249B7E270909A10040E177 /* HomeController.swift */; };
		62249B8227090A8A0040E177 /* ClubCell.swift in Sources */ = {isa = PBXBuildFile; fileRef = 62249B8127090A8A0040E177 /* ClubCell.swift */; };
		62249B8427093CA70040E177 /* ClubSearchController.swift in Sources */ = {isa = PBXBuildFile; fileRef = 62249B8327093CA70040E177 /* ClubSearchController.swift */; };
		623233E62705475A0068A21B /* AppDelegate.swift in Sources */ = {isa = PBXBuildFile; fileRef = 623233E52705475A0068A21B /* AppDelegate.swift */; };
		623233E82705475A0068A21B /* SceneDelegate.swift in Sources */ = {isa = PBXBuildFile; fileRef = 623233E72705475A0068A21B /* SceneDelegate.swift */; };
		623233EA2705475A0068A21B /* ViewController.swift in Sources */ = {isa = PBXBuildFile; fileRef = 623233E92705475A0068A21B /* ViewController.swift */; };
		623233F02705475A0068A21B /* geotag.xcdatamodeld in Sources */ = {isa = PBXBuildFile; fileRef = 623233EE2705475A0068A21B /* geotag.xcdatamodeld */; };
		623233F22705475B0068A21B /* Assets.xcassets in Resources */ = {isa = PBXBuildFile; fileRef = 623233F12705475B0068A21B /* Assets.xcassets */; };
		623233F52705475B0068A21B /* LaunchScreen.storyboard in Resources */ = {isa = PBXBuildFile; fileRef = 623233F32705475B0068A21B /* LaunchScreen.storyboard */; };
/* End PBXBuildFile section */

/* Begin PBXFileReference section */
		62249B762708DE4D0040E177 /* LoginController.swift */ = {isa = PBXFileReference; lastKnownFileType = sourcecode.swift; path = LoginController.swift; sourceTree = "<group>"; };
		62249B7A2708E44E0040E177 /* UIColor+CustomColor.swift */ = {isa = PBXFileReference; lastKnownFileType = sourcecode.swift; path = "UIColor+CustomColor.swift"; sourceTree = "<group>"; };
		62249B7C270907A00040E177 /* HBNavigationController.swift */ = {isa = PBXFileReference; lastKnownFileType = sourcecode.swift; path = HBNavigationController.swift; sourceTree = "<group>"; };
		62249B7E270909A10040E177 /* HomeController.swift */ = {isa = PBXFileReference; lastKnownFileType = sourcecode.swift; path = HomeController.swift; sourceTree = "<group>"; };
		62249B8127090A8A0040E177 /* ClubCell.swift */ = {isa = PBXFileReference; lastKnownFileType = sourcecode.swift; path = ClubCell.swift; sourceTree = "<group>"; };
		62249B8327093CA70040E177 /* ClubSearchController.swift */ = {isa = PBXFileReference; lastKnownFileType = sourcecode.swift; path = ClubSearchController.swift; sourceTree = "<group>"; };
		623233E22705475A0068A21B /* geotag.app */ = {isa = PBXFileReference; explicitFileType = wrapper.application; includeInIndex = 0; path = geotag.app; sourceTree = BUILT_PRODUCTS_DIR; };
		623233E52705475A0068A21B /* AppDelegate.swift */ = {isa = PBXFileReference; lastKnownFileType = sourcecode.swift; path = AppDelegate.swift; sourceTree = "<group>"; };
		623233E72705475A0068A21B /* SceneDelegate.swift */ = {isa = PBXFileReference; lastKnownFileType = sourcecode.swift; path = SceneDelegate.swift; sourceTree = "<group>"; };
		623233E92705475A0068A21B /* ViewController.swift */ = {isa = PBXFileReference; lastKnownFileType = sourcecode.swift; path = ViewController.swift; sourceTree = "<group>"; };
		623233EF2705475A0068A21B /* geotag.xcdatamodel */ = {isa = PBXFileReference; lastKnownFileType = wrapper.xcdatamodel; path = geotag.xcdatamodel; sourceTree = "<group>"; };
		623233F12705475B0068A21B /* Assets.xcassets */ = {isa = PBXFileReference; lastKnownFileType = folder.assetcatalog; path = Assets.xcassets; sourceTree = "<group>"; };
		623233F42705475B0068A21B /* Base */ = {isa = PBXFileReference; lastKnownFileType = file.storyboard; name = Base; path = Base.lproj/LaunchScreen.storyboard; sourceTree = "<group>"; };
		623233F62705475B0068A21B /* Info.plist */ = {isa = PBXFileReference; lastKnownFileType = text.plist.xml; path = Info.plist; sourceTree = "<group>"; };
/* End PBXFileReference section */

/* Begin PBXFrameworksBuildPhase section */
		623233DF2705475A0068A21B /* Frameworks */ = {
			isa = PBXFrameworksBuildPhase;
			buildActionMask = 2147483647;
			files = (
			);
			runOnlyForDeploymentPostprocessing = 0;
		};
/* End PBXFrameworksBuildPhase section */

/* Begin PBXGroup section */
		62249B782708DE520040E177 /* controllers */ = {
			isa = PBXGroup;
			children = (
				62249B762708DE4D0040E177 /* LoginController.swift */,
				62249B8327093CA70040E177 /* ClubSearchController.swift */,
				62249B7C270907A00040E177 /* HBNavigationController.swift */,
				62249B7E270909A10040E177 /* HomeController.swift */,
			);
			path = controllers;
			sourceTree = "<group>";
		};
		62249B792708E4270040E177 /* extensions */ = {
			isa = PBXGroup;
			children = (
				62249B7A2708E44E0040E177 /* UIColor+CustomColor.swift */,
			);
			path = extensions;
			sourceTree = "<group>";
		};
		62249B8027090A680040E177 /* views */ = {
			isa = PBXGroup;
			children = (
				62249B8127090A8A0040E177 /* ClubCell.swift */,
			);
			path = views;
			sourceTree = "<group>";
		};
		623233D92705475A0068A21B = {
			isa = PBXGroup;
			children = (
				623233E42705475A0068A21B /* geotag */,
				623233E32705475A0068A21B /* Products */,
			);
			sourceTree = "<group>";
		};
		623233E32705475A0068A21B /* Products */ = {
			isa = PBXGroup;
			children = (
				623233E22705475A0068A21B /* geotag.app */,
			);
			name = Products;
			sourceTree = "<group>";
		};
		623233E42705475A0068A21B /* geotag */ = {
			isa = PBXGroup;
			children = (
				62249B8027090A680040E177 /* views */,
				62249B792708E4270040E177 /* extensions */,
				623233E52705475A0068A21B /* AppDelegate.swift */,
				623233E72705475A0068A21B /* SceneDelegate.swift */,
				623233E92705475A0068A21B /* ViewController.swift */,
				62249B782708DE520040E177 /* controllers */,
				623233F12705475B0068A21B /* Assets.xcassets */,
				623233F32705475B0068A21B /* LaunchScreen.storyboard */,
				623233F62705475B0068A21B /* Info.plist */,
				623233EE2705475A0068A21B /* geotag.xcdatamodeld */,
			);
			path = geotag;
			sourceTree = "<group>";
		};
/* End PBXGroup section */

/* Begin PBXNativeTarget section */
		623233E12705475A0068A21B /* geotag */ = {
			isa = PBXNativeTarget;
			buildConfigurationList = 623233F92705475B0068A21B /* Build configuration list for PBXNativeTarget "geotag" */;
			buildPhases = (
				623233DE2705475A0068A21B /* Sources */,
				623233DF2705475A0068A21B /* Frameworks */,
				623233E02705475A0068A21B /* Resources */,
			);
			buildRules = (
			);
			dependencies = (
			);
			name = geotag;
			productName = geotag;
			productReference = 623233E22705475A0068A21B /* geotag.app */;
			productType = "com.apple.product-type.application";
		};
/* End PBXNativeTarget section */

/* Begin PBXProject section */
		623233DA2705475A0068A21B /* Project object */ = {
			isa = PBXProject;
			attributes = {
				BuildIndependentTargetsInParallel = 1;
				LastSwiftUpdateCheck = 1300;
				LastUpgradeCheck = 1300;
				TargetAttributes = {
					623233E12705475A0068A21B = {
						CreatedOnToolsVersion = 13.0;
					};
				};
			};
			buildConfigurationList = 623233DD2705475A0068A21B /* Build configuration list for PBXProject "geotag" */;
			compatibilityVersion = "Xcode 13.0";
			developmentRegion = en;
			hasScannedForEncodings = 0;
			knownRegions = (
				en,
				Base,
			);
			mainGroup = 623233D92705475A0068A21B;
			productRefGroup = 623233E32705475A0068A21B /* Products */;
			projectDirPath = "";
			projectRoot = "";
			targets = (
				623233E12705475A0068A21B /* geotag */,
			);
		};
/* End PBXProject section */

/* Begin PBXResourcesBuildPhase section */
		623233E02705475A0068A21B /* Resources */ = {
			isa = PBXResourcesBuildPhase;
			buildActionMask = 2147483647;
			files = (
				623233F52705475B0068A21B /* LaunchScreen.storyboard in Resources */,
				623233F22705475B0068A21B /* Assets.xcassets in Resources */,
			);
			runOnlyForDeploymentPostprocessing = 0;
		};
/* End PBXResourcesBuildPhase section */

/* Begin PBXSourcesBuildPhase section */
		623233DE2705475A0068A21B /* Sources */ = {
			isa = PBXSourcesBuildPhase;
			buildActionMask = 2147483647;
			files = (
				623233EA2705475A0068A21B /* ViewController.swift in Sources */,
				623233E62705475A0068A21B /* AppDelegate.swift in Sources */,
				623233F02705475A0068A21B /* geotag.xcdatamodeld in Sources */,
				623233E82705475A0068A21B /* SceneDelegate.swift in Sources */,
				62249B7F270909A10040E177 /* HomeController.swift in Sources */,
				62249B8427093CA70040E177 /* ClubSearchController.swift in Sources */,
				62249B7B2708E44E0040E177 /* UIColor+CustomColor.swift in Sources */,
				62249B772708DE4D0040E177 /* LoginController.swift in Sources */,
				62249B8227090A8A0040E177 /* ClubCell.swift in Sources */,
				62249B7D270907A00040E177 /* HBNavigationController.swift in Sources */,
			);
			runOnlyForDeploymentPostprocessing = 0;
		};
/* End PBXSourcesBuildPhase section */

/* Begin PBXVariantGroup section */
		623233F32705475B0068A21B /* LaunchScreen.storyboard */ = {
			isa = PBXVariantGroup;
			children = (
				623233F42705475B0068A21B /* Base */,
			);
			name = LaunchScreen.storyboard;
			sourceTree = "<group>";
		};
/* End PBXVariantGroup section */

/* Begin XCBuildConfiguration section */
		623233F72705475B0068A21B /* Debug */ = {
			isa = XCBuildConfiguration;
			buildSettings = {
				ALWAYS_SEARCH_USER_PATHS = NO;
				CLANG_ANALYZER_NONNULL = YES;
				CLANG_ANALYZER_NUMBER_OBJECT_CONVERSION = YES_AGGRESSIVE;
				CLANG_CXX_LANGUAGE_STANDARD = "gnu++17";
				CLANG_CXX_LIBRARY = "libc++";
				CLANG_ENABLE_MODULES = YES;
				CLANG_ENABLE_OBJC_ARC = YES;
				CLANG_ENABLE_OBJC_WEAK = YES;
				CLANG_WARN_BLOCK_CAPTURE_AUTORELEASING = YES;
				CLANG_WARN_BOOL_CONVERSION = YES;
				CLANG_WARN_COMMA = YES;
				CLANG_WARN_CONSTANT_CONVERSION = YES;
				CLANG_WARN_DEPRECATED_OBJC_IMPLEMENTATIONS = YES;
				CLANG_WARN_DIRECT_OBJC_ISA_USAGE = YES_ERROR;
				CLANG_WARN_DOCUMENTATION_COMMENTS = YES;
				CLANG_WARN_EMPTY_BODY = YES;
				CLANG_WARN_ENUM_CONVERSION = YES;
				CLANG_WARN_INFINITE_RECURSION = YES;
				CLANG_WARN_INT_CONVERSION = YES;
				CLANG_WARN_NON_LITERAL_NULL_CONVERSION = YES;
				CLANG_WARN_OBJC_IMPLICIT_RETAIN_SELF = YES;
				CLANG_WARN_OBJC_LITERAL_CONVERSION = YES;
				CLANG_WARN_OBJC_ROOT_CLASS = YES_ERROR;
				CLANG_WARN_QUOTED_INCLUDE_IN_FRAMEWORK_HEADER = YES;
				CLANG_WARN_RANGE_LOOP_ANALYSIS = YES;
				CLANG_WARN_STRICT_PROTOTYPES = YES;
				CLANG_WARN_SUSPICIOUS_MOVE = YES;
				CLANG_WARN_UNGUARDED_AVAILABILITY = YES_AGGRESSIVE;
				CLANG_WARN_UNREACHABLE_CODE = YES;
				CLANG_WARN__DUPLICATE_METHOD_MATCH = YES;
				COPY_PHASE_STRIP = NO;
				DEBUG_INFORMATION_FORMAT = dwarf;
				ENABLE_STRICT_OBJC_MSGSEND = YES;
				ENABLE_TESTABILITY = YES;
				GCC_C_LANGUAGE_STANDARD = gnu11;
				GCC_DYNAMIC_NO_PIC = NO;
				GCC_NO_COMMON_BLOCKS = YES;
				GCC_OPTIMIZATION_LEVEL = 0;
				GCC_PREPROCESSOR_DEFINITIONS = (
					"DEBUG=1",
					"$(inherited)",
				);
				GCC_WARN_64_TO_32_BIT_CONVERSION = YES;
				GCC_WARN_ABOUT_RETURN_TYPE = YES_ERROR;
				GCC_WARN_UNDECLARED_SELECTOR = YES;
				GCC_WARN_UNINITIALIZED_AUTOS = YES_AGGRESSIVE;
				GCC_WARN_UNUSED_FUNCTION = YES;
				GCC_WARN_UNUSED_VARIABLE = YES;
				IPHONEOS_DEPLOYMENT_TARGET = 15.0;
				MTL_ENABLE_DEBUG_INFO = INCLUDE_SOURCE;
				MTL_FAST_MATH = YES;
				ONLY_ACTIVE_ARCH = YES;
				SDKROOT = iphoneos;
				SWIFT_ACTIVE_COMPILATION_CONDITIONS = DEBUG;
				SWIFT_OPTIMIZATION_LEVEL = "-Onone";
			};
			name = Debug;
		};
		623233F82705475B0068A21B /* Release */ = {
			isa = XCBuildConfiguration;
			buildSettings = {
				ALWAYS_SEARCH_USER_PATHS = NO;
				CLANG_ANALYZER_NONNULL = YES;
				CLANG_ANALYZER_NUMBER_OBJECT_CONVERSION = YES_AGGRESSIVE;
				CLANG_CXX_LANGUAGE_STANDARD = "gnu++17";
				CLANG_CXX_LIBRARY = "libc++";
				CLANG_ENABLE_MODULES = YES;
				CLANG_ENABLE_OBJC_ARC = YES;
				CLANG_ENABLE_OBJC_WEAK = YES;
				CLANG_WARN_BLOCK_CAPTURE_AUTORELEASING = YES;
				CLANG_WARN_BOOL_CONVERSION = YES;
				CLANG_WARN_COMMA = YES;
				CLANG_WARN_CONSTANT_CONVERSION = YES;
				CLANG_WARN_DEPRECATED_OBJC_IMPLEMENTATIONS = YES;
				CLANG_WARN_DIRECT_OBJC_ISA_USAGE = YES_ERROR;
				CLANG_WARN_DOCUMENTATION_COMMENTS = YES;
				CLANG_WARN_EMPTY_BODY = YES;
				CLANG_WARN_ENUM_CONVERSION = YES;
				CLANG_WARN_INFINITE_RECURSION = YES;
				CLANG_WARN_INT_CONVERSION = YES;
				CLANG_WARN_NON_LITERAL_NULL_CONVERSION = YES;
				CLANG_WARN_OBJC_IMPLICIT_RETAIN_SELF = YES;
				CLANG_WARN_OBJC_LITERAL_CONVERSION = YES;
				CLANG_WARN_OBJC_ROOT_CLASS = YES_ERROR;
				CLANG_WARN_QUOTED_INCLUDE_IN_FRAMEWORK_HEADER = YES;
				CLANG_WARN_RANGE_LOOP_ANALYSIS = YES;
				CLANG_WARN_STRICT_PROTOTYPES = YES;
				CLANG_WARN_SUSPICIOUS_MOVE = YES;
				CLANG_WARN_UNGUARDED_AVAILABILITY = YES_AGGRESSIVE;
				CLANG_WARN_UNREACHABLE_CODE = YES;
				CLANG_WARN__DUPLICATE_METHOD_MATCH = YES;
				COPY_PHASE_STRIP = NO;
				DEBUG_INFORMATION_FORMAT = "dwarf-with-dsym";
				ENABLE_NS_ASSERTIONS = NO;
				ENABLE_STRICT_OBJC_MSGSEND = YES;
				GCC_C_LANGUAGE_STANDARD = gnu11;
				GCC_NO_COMMON_BLOCKS = YES;
				GCC_WARN_64_TO_32_BIT_CONVERSION = YES;
				GCC_WARN_ABOUT_RETURN_TYPE = YES_ERROR;
				GCC_WARN_UNDECLARED_SELECTOR = YES;
				GCC_WARN_UNINITIALIZED_AUTOS = YES_AGGRESSIVE;
				GCC_WARN_UNUSED_FUNCTION = YES;
				GCC_WARN_UNUSED_VARIABLE = YES;
				IPHONEOS_DEPLOYMENT_TARGET = 15.0;
				MTL_ENABLE_DEBUG_INFO = NO;
				MTL_FAST_MATH = YES;
				SDKROOT = iphoneos;
				SWIFT_COMPILATION_MODE = wholemodule;
				SWIFT_OPTIMIZATION_LEVEL = "-O";
				VALIDATE_PRODUCT = YES;
			};
			name = Release;
		};
		623233FA2705475B0068A21B /* Debug */ = {
			isa = XCBuildConfiguration;
			buildSettings = {
				ASSETCATALOG_COMPILER_APPICON_NAME = AppIcon;
				ASSETCATALOG_COMPILER_GLOBAL_ACCENT_COLOR_NAME = AccentColor;
				CODE_SIGN_IDENTITY = "iPhone Developer: Arnold Fernandes (YZ76828866)";
				CODE_SIGN_STYLE = Manual;
				CURRENT_PROJECT_VERSION = 1;
				DEVELOPMENT_TEAM = M2ZD82MNK3;
				GENERATE_INFOPLIST_FILE = YES;
				INFOPLIST_FILE = geotag/Info.plist;
				INFOPLIST_KEY_UIApplicationSupportsIndirectInputEvents = YES;
				INFOPLIST_KEY_UILaunchStoryboardName = LaunchScreen;
				INFOPLIST_KEY_UISupportedInterfaceOrientations_iPad = "UIInterfaceOrientationPortrait UIInterfaceOrientationPortraitUpsideDown UIInterfaceOrientationLandscapeLeft UIInterfaceOrientationLandscapeRight";
				INFOPLIST_KEY_UISupportedInterfaceOrientations_iPhone = "UIInterfaceOrientationPortrait UIInterfaceOrientationLandscapeLeft UIInterfaceOrientationLandscapeRight";
				LD_RUNPATH_SEARCH_PATHS = (
					"$(inherited)",
					"@executable_path/Frameworks",
				);
				MARKETING_VERSION = 1.0;
				PRODUCT_BUNDLE_IDENTIFIER = com.herbalife.geotag;
				PRODUCT_NAME = "$(TARGET_NAME)";
				PROVISIONING_PROFILE_SPECIFIER = geotagdev;
				SWIFT_EMIT_LOC_STRINGS = YES;
				SWIFT_VERSION = 5.0;
				TARGETED_DEVICE_FAMILY = "1,2";
			};
			name = Debug;
		};
		623233FB2705475B0068A21B /* Release */ = {
			isa = XCBuildConfiguration;
			buildSettings = {
				ASSETCATALOG_COMPILER_APPICON_NAME = AppIcon;
				ASSETCATALOG_COMPILER_GLOBAL_ACCENT_COLOR_NAME = AccentColor;
				CODE_SIGN_IDENTITY = "iPhone Distribution: HERBALIFE INTERNATIONAL OF AMERICA, INC.";
				CODE_SIGN_STYLE = Manual;
				CURRENT_PROJECT_VERSION = 1;
				DEVELOPMENT_TEAM = M2ZD82MNK3;
				GENERATE_INFOPLIST_FILE = YES;
				INFOPLIST_FILE = geotag/Info.plist;
				INFOPLIST_KEY_UIApplicationSupportsIndirectInputEvents = YES;
				INFOPLIST_KEY_UILaunchStoryboardName = LaunchScreen;
				INFOPLIST_KEY_UISupportedInterfaceOrientations_iPad = "UIInterfaceOrientationPortrait UIInterfaceOrientationPortraitUpsideDown UIInterfaceOrientationLandscapeLeft UIInterfaceOrientationLandscapeRight";
				INFOPLIST_KEY_UISupportedInterfaceOrientations_iPhone = "UIInterfaceOrientationPortrait UIInterfaceOrientationLandscapeLeft UIInterfaceOrientationLandscapeRight";
				LD_RUNPATH_SEARCH_PATHS = (
					"$(inherited)",
					"@executable_path/Frameworks",
				);
				MARKETING_VERSION = 1.0;
				PRODUCT_BUNDLE_IDENTIFIER = com.herbalife.geotag;
				PRODUCT_NAME = "$(TARGET_NAME)";
				PROVISIONING_PROFILE_SPECIFIER = geotagdis;
				SWIFT_EMIT_LOC_STRINGS = YES;
				SWIFT_VERSION = 5.0;
				TARGETED_DEVICE_FAMILY = "1,2";
			};
			name = Release;
		};
/* End XCBuildConfiguration section */

/* Begin XCConfigurationList section */
		623233DD2705475A0068A21B /* Build configuration list for PBXProject "geotag" */ = {
			isa = XCConfigurationList;
			buildConfigurations = (
				623233F72705475B0068A21B /* Debug */,
				623233F82705475B0068A21B /* Release */,
			);
			defaultConfigurationIsVisible = 0;
			defaultConfigurationName = Release;
		};
		623233F92705475B0068A21B /* Build configuration list for PBXNativeTarget "geotag" */ = {
			isa = XCConfigurationList;
			buildConfigurations = (
				623233FA2705475B0068A21B /* Debug */,
				623233FB2705475B0068A21B /* Release */,
			);
			defaultConfigurationIsVisible = 0;
			defaultConfigurationName = Release;
		};
/* End XCConfigurationList section */

/* Begin XCVersionGroup section */
		623233EE2705475A0068A21B /* geotag.xcdatamodeld */ = {
			isa = XCVersionGroup;
			children = (
				623233EF2705475A0068A21B /* geotag.xcdatamodel */,
			);
			currentVersion = 623233EF2705475A0068A21B /* geotag.xcdatamodel */;
			path = geotag.xcdatamodeld;
			sourceTree = "<group>";
			versionGroupType = wrapper.xcdatamodel;
		};
/* End XCVersionGroup section */
	};
	rootObject = 623233DA2705475A0068A21B /* Project object */;
}
