// !$*UTF8*$!
{
	archiveVersion = 1;
	classes = {
	};
	objectVersion = 55;
	objects = {

/* Begin PBXBuildFile section */
		6207D08C2714C47F009414A5 /* VisitPrepareController.swift in Sources */ = {isa = PBXBuildFile; fileRef = 6207D08B2714C47F009414A5 /* VisitPrepareController.swift */; };
		620A5D62271A24D3002775FB /* VisitPrepareCell.swift in Sources */ = {isa = PBXBuildFile; fileRef = 620A5D61271A24D3002775FB /* VisitPrepareCell.swift */; };
		620A5D63271A24D3002775FB /* VisitPrepareCell.swift in Sources */ = {isa = PBXBuildFile; fileRef = 620A5D61271A24D3002775FB /* VisitPrepareCell.swift */; };
		6210389E271F163700155709 /* Localizable.strings in Resources */ = {isa = PBXBuildFile; fileRef = 6210389C271F163700155709 /* Localizable.strings */; };
		6210389F271F163700155709 /* Localizable.strings in Resources */ = {isa = PBXBuildFile; fileRef = 6210389C271F163700155709 /* Localizable.strings */; };
		621038A2271F180F00155709 /* String+CustomLocal.swift in Sources */ = {isa = PBXBuildFile; fileRef = 621038A1271F180F00155709 /* String+CustomLocal.swift */; };
		621038A3271F180F00155709 /* String+CustomLocal.swift in Sources */ = {isa = PBXBuildFile; fileRef = 621038A1271F180F00155709 /* String+CustomLocal.swift */; };
		62249B772708DE4D0040E177 /* LoginController.swift in Sources */ = {isa = PBXBuildFile; fileRef = 62249B762708DE4D0040E177 /* LoginController.swift */; };
		62249B7B2708E44E0040E177 /* UIColor+CustomColor.swift in Sources */ = {isa = PBXBuildFile; fileRef = 62249B7A2708E44E0040E177 /* UIColor+CustomColor.swift */; };
		62249B7D270907A00040E177 /* HBNavigationController.swift in Sources */ = {isa = PBXBuildFile; fileRef = 62249B7C270907A00040E177 /* HBNavigationController.swift */; };
		62249B7F270909A10040E177 /* HomeController.swift in Sources */ = {isa = PBXBuildFile; fileRef = 62249B7E270909A10040E177 /* HomeController.swift */; };
		62249B8227090A8A0040E177 /* ClubCell.swift in Sources */ = {isa = PBXBuildFile; fileRef = 62249B8127090A8A0040E177 /* ClubCell.swift */; };
		62249B8427093CA70040E177 /* ClubSearchController.swift in Sources */ = {isa = PBXBuildFile; fileRef = 62249B8327093CA70040E177 /* ClubSearchController.swift */; };
		623233E62705475A0068A21B /* AppDelegate.swift in Sources */ = {isa = PBXBuildFile; fileRef = 623233E52705475A0068A21B /* AppDelegate.swift */; };
		623233E82705475A0068A21B /* SceneDelegate.swift in Sources */ = {isa = PBXBuildFile; fileRef = 623233E72705475A0068A21B /* SceneDelegate.swift */; };
		623233F22705475B0068A21B /* Assets.xcassets in Resources */ = {isa = PBXBuildFile; fileRef = 623233F12705475B0068A21B /* Assets.xcassets */; };
		623233F52705475B0068A21B /* LaunchScreen.storyboard in Resources */ = {isa = PBXBuildFile; fileRef = 623233F32705475B0068A21B /* LaunchScreen.storyboard */; };
		623FF49927187A970033C164 /* AppDelegate.swift in Sources */ = {isa = PBXBuildFile; fileRef = 623233E52705475A0068A21B /* AppDelegate.swift */; };
		623FF49B27187A970033C164 /* SceneDelegate.swift in Sources */ = {isa = PBXBuildFile; fileRef = 623233E72705475A0068A21B /* SceneDelegate.swift */; };
		623FF49C27187A970033C164 /* TrainingController.swift in Sources */ = {isa = PBXBuildFile; fileRef = 625D9751270A102100B138CD /* TrainingController.swift */; };
		623FF49D27187A970033C164 /* MenuController.swift in Sources */ = {isa = PBXBuildFile; fileRef = 625D974B2709FE8F00B138CD /* MenuController.swift */; };
		623FF49E27187A970033C164 /* BusinessCell.swift in Sources */ = {isa = PBXBuildFile; fileRef = 625D9753270A4B4700B138CD /* BusinessCell.swift */; };
		623FF49F27187A970033C164 /* HomeController.swift in Sources */ = {isa = PBXBuildFile; fileRef = 62249B7E270909A10040E177 /* HomeController.swift */; };
		623FF4A027187A970033C164 /* ClubSearchController.swift in Sources */ = {isa = PBXBuildFile; fileRef = 62249B8327093CA70040E177 /* ClubSearchController.swift */; };
		623FF4A127187A970033C164 /* HBSplitViewController.swift in Sources */ = {isa = PBXBuildFile; fileRef = 625D97492709FE4700B138CD /* HBSplitViewController.swift */; };
		623FF4A227187A970033C164 /* BusinessController.swift in Sources */ = {isa = PBXBuildFile; fileRef = 625D974D270A043700B138CD /* BusinessController.swift */; };
		623FF4A327187A970033C164 /* UIColor+CustomColor.swift in Sources */ = {isa = PBXBuildFile; fileRef = 62249B7A2708E44E0040E177 /* UIColor+CustomColor.swift */; };
		623FF4A427187A970033C164 /* LoginController.swift in Sources */ = {isa = PBXBuildFile; fileRef = 62249B762708DE4D0040E177 /* LoginController.swift */; };
		623FF4A527187A970033C164 /* VisitPrepareController.swift in Sources */ = {isa = PBXBuildFile; fileRef = 6207D08B2714C47F009414A5 /* VisitPrepareController.swift */; };
		623FF4A627187A970033C164 /* ClubCell.swift in Sources */ = {isa = PBXBuildFile; fileRef = 62249B8127090A8A0040E177 /* ClubCell.swift */; };
		623FF4A727187A970033C164 /* MenuCell.swift in Sources */ = {isa = PBXBuildFile; fileRef = 625D974F270A07BE00B138CD /* MenuCell.swift */; };
		623FF4A827187A970033C164 /* AnswerCell.swift in Sources */ = {isa = PBXBuildFile; fileRef = 62A41EB92716359700241226 /* AnswerCell.swift */; };
		623FF4A927187A970033C164 /* NetworkMonitor.swift in Sources */ = {isa = PBXBuildFile; fileRef = 62EC11CD27177BB500D5B5AA /* NetworkMonitor.swift */; };
		623FF4AA27187A970033C164 /* HBNavigationController.swift in Sources */ = {isa = PBXBuildFile; fileRef = 62249B7C270907A00040E177 /* HBNavigationController.swift */; };
		623FF4AB27187A970033C164 /* QuestionController.swift in Sources */ = {isa = PBXBuildFile; fileRef = 625D9755270A557700B138CD /* QuestionController.swift */; };
		623FF4AD27187A970033C164 /* Reachability in Frameworks */ = {isa = PBXBuildFile; productRef = 623FF49627187A970033C164 /* Reachability */; };
		623FF4AF27187A970033C164 /* LaunchScreen.storyboard in Resources */ = {isa = PBXBuildFile; fileRef = 623233F32705475B0068A21B /* LaunchScreen.storyboard */; };
		623FF4B027187A970033C164 /* Assets.xcassets in Resources */ = {isa = PBXBuildFile; fileRef = 623233F12705475B0068A21B /* Assets.xcassets */; };
		623FF4B727188AE70033C164 /* Constatns.swift in Sources */ = {isa = PBXBuildFile; fileRef = 623FF4B627188AE70033C164 /* Constatns.swift */; };
		623FF4B827188AE70033C164 /* Constatns.swift in Sources */ = {isa = PBXBuildFile; fileRef = 623FF4B627188AE70033C164 /* Constatns.swift */; };
		623FF4BA2718C0BB0033C164 /* MKMapView+CustomZoom.swift in Sources */ = {isa = PBXBuildFile; fileRef = 623FF4B92718C0BB0033C164 /* MKMapView+CustomZoom.swift */; };
		623FF4BB2718C0BB0033C164 /* MKMapView+CustomZoom.swift in Sources */ = {isa = PBXBuildFile; fileRef = 623FF4B92718C0BB0033C164 /* MKMapView+CustomZoom.swift */; };
		623FF4BE2718F6710033C164 /* SwiftyJSON in Frameworks */ = {isa = PBXBuildFile; productRef = 623FF4BD2718F6710033C164 /* SwiftyJSON */; };
		623FF4C12718FAF90033C164 /* SwiftyJSON in Frameworks */ = {isa = PBXBuildFile; productRef = 623FF4C02718FAF90033C164 /* SwiftyJSON */; };
		625D974A2709FE4700B138CD /* HBSplitViewController.swift in Sources */ = {isa = PBXBuildFile; fileRef = 625D97492709FE4700B138CD /* HBSplitViewController.swift */; };
		625D974C2709FE8F00B138CD /* MenuController.swift in Sources */ = {isa = PBXBuildFile; fileRef = 625D974B2709FE8F00B138CD /* MenuController.swift */; };
		625D974E270A043700B138CD /* BusinessController.swift in Sources */ = {isa = PBXBuildFile; fileRef = 625D974D270A043700B138CD /* BusinessController.swift */; };
		625D9750270A07BE00B138CD /* MenuCell.swift in Sources */ = {isa = PBXBuildFile; fileRef = 625D974F270A07BE00B138CD /* MenuCell.swift */; };
		625D9752270A102100B138CD /* TrainingController.swift in Sources */ = {isa = PBXBuildFile; fileRef = 625D9751270A102100B138CD /* TrainingController.swift */; };
		625D9754270A4B4700B138CD /* BusinessCell.swift in Sources */ = {isa = PBXBuildFile; fileRef = 625D9753270A4B4700B138CD /* BusinessCell.swift */; };
		625D9756270A557700B138CD /* QuestionController.swift in Sources */ = {isa = PBXBuildFile; fileRef = 625D9755270A557700B138CD /* QuestionController.swift */; };
		628558C1271B897A001A93C0 /* geotag.xcdatamodeld in Sources */ = {isa = PBXBuildFile; fileRef = 623233EE2705475A0068A21B /* geotag.xcdatamodeld */; };
		628558C2271B8984001A93C0 /* geotag.xcdatamodeld in Sources */ = {isa = PBXBuildFile; fileRef = 623233EE2705475A0068A21B /* geotag.xcdatamodeld */; };
		62A41EBA2716359700241226 /* AnswerCell.swift in Sources */ = {isa = PBXBuildFile; fileRef = 62A41EB92716359700241226 /* AnswerCell.swift */; };
		62A6C4152722ED6C0006F4C4 /* TrainingCell.swift in Sources */ = {isa = PBXBuildFile; fileRef = 62A6C4142722ED6C0006F4C4 /* TrainingCell.swift */; };
		62A6C4162722ED6C0006F4C4 /* TrainingCell.swift in Sources */ = {isa = PBXBuildFile; fileRef = 62A6C4142722ED6C0006F4C4 /* TrainingCell.swift */; };
		62A6C4182722EEE00006F4C4 /* TrackingCell.swift in Sources */ = {isa = PBXBuildFile; fileRef = 62A6C4172722EEE00006F4C4 /* TrackingCell.swift */; };
		62A6C4192722EEE00006F4C4 /* TrackingCell.swift in Sources */ = {isa = PBXBuildFile; fileRef = 62A6C4172722EEE00006F4C4 /* TrackingCell.swift */; };
		62A6C41B2722EEF50006F4C4 /* FeedbackCell.swift in Sources */ = {isa = PBXBuildFile; fileRef = 62A6C41A2722EEF50006F4C4 /* FeedbackCell.swift */; };
		62A6C41C2722EEF50006F4C4 /* FeedbackCell.swift in Sources */ = {isa = PBXBuildFile; fileRef = 62A6C41A2722EEF50006F4C4 /* FeedbackCell.swift */; };
		62A6C41E2722EF630006F4C4 /* TrackingController.swift in Sources */ = {isa = PBXBuildFile; fileRef = 62A6C41D2722EF630006F4C4 /* TrackingController.swift */; };
		62A6C41F2722EF630006F4C4 /* TrackingController.swift in Sources */ = {isa = PBXBuildFile; fileRef = 62A6C41D2722EF630006F4C4 /* TrackingController.swift */; };
		62A6C4212722EF750006F4C4 /* FeedbackController.swift in Sources */ = {isa = PBXBuildFile; fileRef = 62A6C4202722EF750006F4C4 /* FeedbackController.swift */; };
		62A6C4222722EF750006F4C4 /* FeedbackController.swift in Sources */ = {isa = PBXBuildFile; fileRef = 62A6C4202722EF750006F4C4 /* FeedbackController.swift */; };
		62B56CED271A521800A58ACC /* JGProgressHUD in Frameworks */ = {isa = PBXBuildFile; productRef = 62B56CEC271A521800A58ACC /* JGProgressHUD */; };
		62B56CEF271A539B00A58ACC /* JGProgressHUD in Frameworks */ = {isa = PBXBuildFile; productRef = 62B56CEE271A539B00A58ACC /* JGProgressHUD */; };
		62B56CF1271A661900A58ACC /* Artwork.swift in Sources */ = {isa = PBXBuildFile; fileRef = 62B56CF0271A661900A58ACC /* Artwork.swift */; };
		62B56CF2271A661900A58ACC /* Artwork.swift in Sources */ = {isa = PBXBuildFile; fileRef = 62B56CF0271A661900A58ACC /* Artwork.swift */; };
		62D9AF8D271F589000C9812A /* OfflineManager.swift in Sources */ = {isa = PBXBuildFile; fileRef = 62D9AF8C271F589000C9812A /* OfflineManager.swift */; };
		62D9AF8E271F589000C9812A /* OfflineManager.swift in Sources */ = {isa = PBXBuildFile; fileRef = 62D9AF8C271F589000C9812A /* OfflineManager.swift */; };
		62D9AF9D271F601000C9812A /* OfflineGeocode+CoreDataClass.swift in Sources */ = {isa = PBXBuildFile; fileRef = 62D9AF8F271F601000C9812A /* OfflineGeocode+CoreDataClass.swift */; };
		62D9AF9E271F601000C9812A /* OfflineGeocode+CoreDataClass.swift in Sources */ = {isa = PBXBuildFile; fileRef = 62D9AF8F271F601000C9812A /* OfflineGeocode+CoreDataClass.swift */; };
		62D9AF9F271F601000C9812A /* OfflineGeocode+CoreDataProperties.swift in Sources */ = {isa = PBXBuildFile; fileRef = 62D9AF90271F601000C9812A /* OfflineGeocode+CoreDataProperties.swift */; };
		62D9AFA0271F601000C9812A /* OfflineGeocode+CoreDataProperties.swift in Sources */ = {isa = PBXBuildFile; fileRef = 62D9AF90271F601000C9812A /* OfflineGeocode+CoreDataProperties.swift */; };
		62D9AFA1271F601000C9812A /* AnswerInfo+CoreDataClass.swift in Sources */ = {isa = PBXBuildFile; fileRef = 62D9AF91271F601000C9812A /* AnswerInfo+CoreDataClass.swift */; };
		62D9AFA2271F601000C9812A /* AnswerInfo+CoreDataClass.swift in Sources */ = {isa = PBXBuildFile; fileRef = 62D9AF91271F601000C9812A /* AnswerInfo+CoreDataClass.swift */; };
		62D9AFA3271F601000C9812A /* AnswerInfo+CoreDataProperties.swift in Sources */ = {isa = PBXBuildFile; fileRef = 62D9AF92271F601000C9812A /* AnswerInfo+CoreDataProperties.swift */; };
		62D9AFA4271F601000C9812A /* AnswerInfo+CoreDataProperties.swift in Sources */ = {isa = PBXBuildFile; fileRef = 62D9AF92271F601000C9812A /* AnswerInfo+CoreDataProperties.swift */; };
		62D9AFA5271F601000C9812A /* QuestionInfo+CoreDataClass.swift in Sources */ = {isa = PBXBuildFile; fileRef = 62D9AF93271F601000C9812A /* QuestionInfo+CoreDataClass.swift */; };
		62D9AFA6271F601000C9812A /* QuestionInfo+CoreDataClass.swift in Sources */ = {isa = PBXBuildFile; fileRef = 62D9AF93271F601000C9812A /* QuestionInfo+CoreDataClass.swift */; };
		62D9AFA7271F601000C9812A /* QuestionInfo+CoreDataProperties.swift in Sources */ = {isa = PBXBuildFile; fileRef = 62D9AF94271F601000C9812A /* QuestionInfo+CoreDataProperties.swift */; };
		62D9AFA8271F601000C9812A /* QuestionInfo+CoreDataProperties.swift in Sources */ = {isa = PBXBuildFile; fileRef = 62D9AF94271F601000C9812A /* QuestionInfo+CoreDataProperties.swift */; };
		62D9AFA9271F601000C9812A /* ClubInfo+CoreDataClass.swift in Sources */ = {isa = PBXBuildFile; fileRef = 62D9AF95271F601000C9812A /* ClubInfo+CoreDataClass.swift */; };
		62D9AFAA271F601000C9812A /* ClubInfo+CoreDataClass.swift in Sources */ = {isa = PBXBuildFile; fileRef = 62D9AF95271F601000C9812A /* ClubInfo+CoreDataClass.swift */; };
		62D9AFAB271F601000C9812A /* ClubInfo+CoreDataProperties.swift in Sources */ = {isa = PBXBuildFile; fileRef = 62D9AF96271F601000C9812A /* ClubInfo+CoreDataProperties.swift */; };
		62D9AFAC271F601000C9812A /* ClubInfo+CoreDataProperties.swift in Sources */ = {isa = PBXBuildFile; fileRef = 62D9AF96271F601000C9812A /* ClubInfo+CoreDataProperties.swift */; };
		62D9AFAD271F601000C9812A /* DropDownItem+CoreDataClass.swift in Sources */ = {isa = PBXBuildFile; fileRef = 62D9AF97271F601000C9812A /* DropDownItem+CoreDataClass.swift */; };
		62D9AFAE271F601000C9812A /* DropDownItem+CoreDataClass.swift in Sources */ = {isa = PBXBuildFile; fileRef = 62D9AF97271F601000C9812A /* DropDownItem+CoreDataClass.swift */; };
		62D9AFAF271F601000C9812A /* DropDownItem+CoreDataProperties.swift in Sources */ = {isa = PBXBuildFile; fileRef = 62D9AF98271F601000C9812A /* DropDownItem+CoreDataProperties.swift */; };
		62D9AFB0271F601000C9812A /* DropDownItem+CoreDataProperties.swift in Sources */ = {isa = PBXBuildFile; fileRef = 62D9AF98271F601000C9812A /* DropDownItem+CoreDataProperties.swift */; };
		62D9AFB1271F601000C9812A /* LabelInfo+CoreDataClass.swift in Sources */ = {isa = PBXBuildFile; fileRef = 62D9AF99271F601000C9812A /* LabelInfo+CoreDataClass.swift */; };
		62D9AFB2271F601000C9812A /* LabelInfo+CoreDataClass.swift in Sources */ = {isa = PBXBuildFile; fileRef = 62D9AF99271F601000C9812A /* LabelInfo+CoreDataClass.swift */; };
		62D9AFB3271F601000C9812A /* LabelInfo+CoreDataProperties.swift in Sources */ = {isa = PBXBuildFile; fileRef = 62D9AF9A271F601000C9812A /* LabelInfo+CoreDataProperties.swift */; };
		62D9AFB4271F601000C9812A /* LabelInfo+CoreDataProperties.swift in Sources */ = {isa = PBXBuildFile; fileRef = 62D9AF9A271F601000C9812A /* LabelInfo+CoreDataProperties.swift */; };
		62D9AFB5271F601000C9812A /* VisitInfo+CoreDataClass.swift in Sources */ = {isa = PBXBuildFile; fileRef = 62D9AF9B271F601000C9812A /* VisitInfo+CoreDataClass.swift */; };
		62D9AFB6271F601000C9812A /* VisitInfo+CoreDataClass.swift in Sources */ = {isa = PBXBuildFile; fileRef = 62D9AF9B271F601000C9812A /* VisitInfo+CoreDataClass.swift */; };
		62D9AFB7271F601000C9812A /* VisitInfo+CoreDataProperties.swift in Sources */ = {isa = PBXBuildFile; fileRef = 62D9AF9C271F601000C9812A /* VisitInfo+CoreDataProperties.swift */; };
		62D9AFB8271F601000C9812A /* VisitInfo+CoreDataProperties.swift in Sources */ = {isa = PBXBuildFile; fileRef = 62D9AF9C271F601000C9812A /* VisitInfo+CoreDataProperties.swift */; };
		62EC11CE27177BB500D5B5AA /* NetworkMonitor.swift in Sources */ = {isa = PBXBuildFile; fileRef = 62EC11CD27177BB500D5B5AA /* NetworkMonitor.swift */; };
		62EC11D12717820500D5B5AA /* Reachability in Frameworks */ = {isa = PBXBuildFile; productRef = 62EC11D02717820500D5B5AA /* Reachability */; };
/* End PBXBuildFile section */

/* Begin PBXFileReference section */
		6207D08B2714C47F009414A5 /* VisitPrepareController.swift */ = {isa = PBXFileReference; lastKnownFileType = sourcecode.swift; path = VisitPrepareController.swift; sourceTree = "<group>"; };
		620A5D61271A24D3002775FB /* VisitPrepareCell.swift */ = {isa = PBXFileReference; lastKnownFileType = sourcecode.swift; path = VisitPrepareCell.swift; sourceTree = "<group>"; };
		6210389D271F163700155709 /* Base */ = {isa = PBXFileReference; lastKnownFileType = text.plist.strings; name = Base; path = Base.lproj/Localizable.strings; sourceTree = "<group>"; };
		621038A0271F165E00155709 /* id */ = {isa = PBXFileReference; lastKnownFileType = text.plist.strings; name = id; path = id.lproj/Localizable.strings; sourceTree = "<group>"; };
		621038A1271F180F00155709 /* String+CustomLocal.swift */ = {isa = PBXFileReference; lastKnownFileType = sourcecode.swift; path = "String+CustomLocal.swift"; sourceTree = "<group>"; };
		62249B762708DE4D0040E177 /* LoginController.swift */ = {isa = PBXFileReference; lastKnownFileType = sourcecode.swift; path = LoginController.swift; sourceTree = "<group>"; };
		62249B7A2708E44E0040E177 /* UIColor+CustomColor.swift */ = {isa = PBXFileReference; lastKnownFileType = sourcecode.swift; path = "UIColor+CustomColor.swift"; sourceTree = "<group>"; };
		62249B7C270907A00040E177 /* HBNavigationController.swift */ = {isa = PBXFileReference; lastKnownFileType = sourcecode.swift; path = HBNavigationController.swift; sourceTree = "<group>"; };
		62249B7E270909A10040E177 /* HomeController.swift */ = {isa = PBXFileReference; lastKnownFileType = sourcecode.swift; path = HomeController.swift; sourceTree = "<group>"; };
		62249B8127090A8A0040E177 /* ClubCell.swift */ = {isa = PBXFileReference; lastKnownFileType = sourcecode.swift; path = ClubCell.swift; sourceTree = "<group>"; };
		62249B8327093CA70040E177 /* ClubSearchController.swift */ = {isa = PBXFileReference; lastKnownFileType = sourcecode.swift; path = ClubSearchController.swift; sourceTree = "<group>"; };
		623233E22705475A0068A21B /* geotag.app */ = {isa = PBXFileReference; explicitFileType = wrapper.application; includeInIndex = 0; path = geotag.app; sourceTree = BUILT_PRODUCTS_DIR; };
		623233E52705475A0068A21B /* AppDelegate.swift */ = {isa = PBXFileReference; lastKnownFileType = sourcecode.swift; path = AppDelegate.swift; sourceTree = "<group>"; };
		623233E72705475A0068A21B /* SceneDelegate.swift */ = {isa = PBXFileReference; lastKnownFileType = sourcecode.swift; path = SceneDelegate.swift; sourceTree = "<group>"; };
		623233EF2705475A0068A21B /* geotag.xcdatamodel */ = {isa = PBXFileReference; lastKnownFileType = wrapper.xcdatamodel; path = geotag.xcdatamodel; sourceTree = "<group>"; };
		623233F12705475B0068A21B /* Assets.xcassets */ = {isa = PBXFileReference; lastKnownFileType = folder.assetcatalog; path = Assets.xcassets; sourceTree = "<group>"; };
		623233F42705475B0068A21B /* Base */ = {isa = PBXFileReference; lastKnownFileType = file.storyboard; name = Base; path = Base.lproj/LaunchScreen.storyboard; sourceTree = "<group>"; };
		623233F62705475B0068A21B /* Info.plist */ = {isa = PBXFileReference; lastKnownFileType = text.plist.xml; path = Info.plist; sourceTree = "<group>"; };
		623FF4B427187A970033C164 /* geotagdev.app */ = {isa = PBXFileReference; explicitFileType = wrapper.application; includeInIndex = 0; path = geotagdev.app; sourceTree = BUILT_PRODUCTS_DIR; };
		623FF4B527187A970033C164 /* geotagdev-Info.plist */ = {isa = PBXFileReference; lastKnownFileType = text.plist.xml; name = "geotagdev-Info.plist"; path = "/Users/ningzeda/Documents/projects/ios/geotag/geotagdev-Info.plist"; sourceTree = "<absolute>"; };
		623FF4B627188AE70033C164 /* Constatns.swift */ = {isa = PBXFileReference; lastKnownFileType = sourcecode.swift; path = Constatns.swift; sourceTree = "<group>"; };
		623FF4B92718C0BB0033C164 /* MKMapView+CustomZoom.swift */ = {isa = PBXFileReference; lastKnownFileType = sourcecode.swift; path = "MKMapView+CustomZoom.swift"; sourceTree = "<group>"; };
		625D97492709FE4700B138CD /* HBSplitViewController.swift */ = {isa = PBXFileReference; lastKnownFileType = sourcecode.swift; path = HBSplitViewController.swift; sourceTree = "<group>"; };
		625D974B2709FE8F00B138CD /* MenuController.swift */ = {isa = PBXFileReference; lastKnownFileType = sourcecode.swift; path = MenuController.swift; sourceTree = "<group>"; };
		625D974D270A043700B138CD /* BusinessController.swift */ = {isa = PBXFileReference; lastKnownFileType = sourcecode.swift; path = BusinessController.swift; sourceTree = "<group>"; };
		625D974F270A07BE00B138CD /* MenuCell.swift */ = {isa = PBXFileReference; lastKnownFileType = sourcecode.swift; path = MenuCell.swift; sourceTree = "<group>"; };
		625D9751270A102100B138CD /* TrainingController.swift */ = {isa = PBXFileReference; lastKnownFileType = sourcecode.swift; path = TrainingController.swift; sourceTree = "<group>"; };
		625D9753270A4B4700B138CD /* BusinessCell.swift */ = {isa = PBXFileReference; lastKnownFileType = sourcecode.swift; path = BusinessCell.swift; sourceTree = "<group>"; };
		625D9755270A557700B138CD /* QuestionController.swift */ = {isa = PBXFileReference; lastKnownFileType = sourcecode.swift; path = QuestionController.swift; sourceTree = "<group>"; };
		62A41EB92716359700241226 /* AnswerCell.swift */ = {isa = PBXFileReference; lastKnownFileType = sourcecode.swift; path = AnswerCell.swift; sourceTree = "<group>"; };
		62A6C4142722ED6C0006F4C4 /* TrainingCell.swift */ = {isa = PBXFileReference; lastKnownFileType = sourcecode.swift; path = TrainingCell.swift; sourceTree = "<group>"; };
		62A6C4172722EEE00006F4C4 /* TrackingCell.swift */ = {isa = PBXFileReference; lastKnownFileType = sourcecode.swift; path = TrackingCell.swift; sourceTree = "<group>"; };
		62A6C41A2722EEF50006F4C4 /* FeedbackCell.swift */ = {isa = PBXFileReference; lastKnownFileType = sourcecode.swift; path = FeedbackCell.swift; sourceTree = "<group>"; };
		62A6C41D2722EF630006F4C4 /* TrackingController.swift */ = {isa = PBXFileReference; lastKnownFileType = sourcecode.swift; path = TrackingController.swift; sourceTree = "<group>"; };
		62A6C4202722EF750006F4C4 /* FeedbackController.swift */ = {isa = PBXFileReference; lastKnownFileType = sourcecode.swift; path = FeedbackController.swift; sourceTree = "<group>"; };
		62B56CF0271A661900A58ACC /* Artwork.swift */ = {isa = PBXFileReference; lastKnownFileType = sourcecode.swift; path = Artwork.swift; sourceTree = "<group>"; };
		62D9AF8C271F589000C9812A /* OfflineManager.swift */ = {isa = PBXFileReference; lastKnownFileType = sourcecode.swift; path = OfflineManager.swift; sourceTree = "<group>"; };
		62D9AF8F271F601000C9812A /* OfflineGeocode+CoreDataClass.swift */ = {isa = PBXFileReference; lastKnownFileType = sourcecode.swift; path = "OfflineGeocode+CoreDataClass.swift"; sourceTree = "<group>"; };
		62D9AF90271F601000C9812A /* OfflineGeocode+CoreDataProperties.swift */ = {isa = PBXFileReference; lastKnownFileType = sourcecode.swift; path = "OfflineGeocode+CoreDataProperties.swift"; sourceTree = "<group>"; };
		62D9AF91271F601000C9812A /* AnswerInfo+CoreDataClass.swift */ = {isa = PBXFileReference; lastKnownFileType = sourcecode.swift; path = "AnswerInfo+CoreDataClass.swift"; sourceTree = "<group>"; };
		62D9AF92271F601000C9812A /* AnswerInfo+CoreDataProperties.swift */ = {isa = PBXFileReference; lastKnownFileType = sourcecode.swift; path = "AnswerInfo+CoreDataProperties.swift"; sourceTree = "<group>"; };
		62D9AF93271F601000C9812A /* QuestionInfo+CoreDataClass.swift */ = {isa = PBXFileReference; lastKnownFileType = sourcecode.swift; path = "QuestionInfo+CoreDataClass.swift"; sourceTree = "<group>"; };
		62D9AF94271F601000C9812A /* QuestionInfo+CoreDataProperties.swift */ = {isa = PBXFileReference; lastKnownFileType = sourcecode.swift; path = "QuestionInfo+CoreDataProperties.swift"; sourceTree = "<group>"; };
		62D9AF95271F601000C9812A /* ClubInfo+CoreDataClass.swift */ = {isa = PBXFileReference; lastKnownFileType = sourcecode.swift; path = "ClubInfo+CoreDataClass.swift"; sourceTree = "<group>"; };
		62D9AF96271F601000C9812A /* ClubInfo+CoreDataProperties.swift */ = {isa = PBXFileReference; lastKnownFileType = sourcecode.swift; path = "ClubInfo+CoreDataProperties.swift"; sourceTree = "<group>"; };
		62D9AF97271F601000C9812A /* DropDownItem+CoreDataClass.swift */ = {isa = PBXFileReference; lastKnownFileType = sourcecode.swift; path = "DropDownItem+CoreDataClass.swift"; sourceTree = "<group>"; };
		62D9AF98271F601000C9812A /* DropDownItem+CoreDataProperties.swift */ = {isa = PBXFileReference; lastKnownFileType = sourcecode.swift; path = "DropDownItem+CoreDataProperties.swift"; sourceTree = "<group>"; };
		62D9AF99271F601000C9812A /* LabelInfo+CoreDataClass.swift */ = {isa = PBXFileReference; lastKnownFileType = sourcecode.swift; path = "LabelInfo+CoreDataClass.swift"; sourceTree = "<group>"; };
		62D9AF9A271F601000C9812A /* LabelInfo+CoreDataProperties.swift */ = {isa = PBXFileReference; lastKnownFileType = sourcecode.swift; path = "LabelInfo+CoreDataProperties.swift"; sourceTree = "<group>"; };
		62D9AF9B271F601000C9812A /* VisitInfo+CoreDataClass.swift */ = {isa = PBXFileReference; lastKnownFileType = sourcecode.swift; path = "VisitInfo+CoreDataClass.swift"; sourceTree = "<group>"; };
		62D9AF9C271F601000C9812A /* VisitInfo+CoreDataProperties.swift */ = {isa = PBXFileReference; lastKnownFileType = sourcecode.swift; path = "VisitInfo+CoreDataProperties.swift"; sourceTree = "<group>"; };
		62EC11CD27177BB500D5B5AA /* NetworkMonitor.swift */ = {isa = PBXFileReference; lastKnownFileType = sourcecode.swift; path = NetworkMonitor.swift; sourceTree = "<group>"; };
/* End PBXFileReference section */

/* Begin PBXFrameworksBuildPhase section */
		623233DF2705475A0068A21B /* Frameworks */ = {
			isa = PBXFrameworksBuildPhase;
			buildActionMask = 2147483647;
			files = (
				623FF4BE2718F6710033C164 /* SwiftyJSON in Frameworks */,
				62B56CED271A521800A58ACC /* JGProgressHUD in Frameworks */,
				62EC11D12717820500D5B5AA /* Reachability in Frameworks */,
			);
			runOnlyForDeploymentPostprocessing = 0;
		};
		623FF4AC27187A970033C164 /* Frameworks */ = {
			isa = PBXFrameworksBuildPhase;
			buildActionMask = 2147483647;
			files = (
				623FF4C12718FAF90033C164 /* SwiftyJSON in Frameworks */,
				62B56CEF271A539B00A58ACC /* JGProgressHUD in Frameworks */,
				623FF4AD27187A970033C164 /* Reachability in Frameworks */,
			);
			runOnlyForDeploymentPostprocessing = 0;
		};
/* End PBXFrameworksBuildPhase section */

/* Begin PBXGroup section */
		62249B782708DE520040E177 /* controllers */ = {
			isa = PBXGroup;
			children = (
				62249B762708DE4D0040E177 /* LoginController.swift */,
				62249B8327093CA70040E177 /* ClubSearchController.swift */,
				62249B7C270907A00040E177 /* HBNavigationController.swift */,
				625D974B2709FE8F00B138CD /* MenuController.swift */,
				62A6C4202722EF750006F4C4 /* FeedbackController.swift */,
				625D9755270A557700B138CD /* QuestionController.swift */,
				62249B7E270909A10040E177 /* HomeController.swift */,
				625D97492709FE4700B138CD /* HBSplitViewController.swift */,
				62A6C41D2722EF630006F4C4 /* TrackingController.swift */,
				625D974D270A043700B138CD /* BusinessController.swift */,
				625D9751270A102100B138CD /* TrainingController.swift */,
				6207D08B2714C47F009414A5 /* VisitPrepareController.swift */,
			);
			path = controllers;
			sourceTree = "<group>";
		};
		62249B792708E4270040E177 /* extensions */ = {
			isa = PBXGroup;
			children = (
				62249B7A2708E44E0040E177 /* UIColor+CustomColor.swift */,
				621038A1271F180F00155709 /* String+CustomLocal.swift */,
				623FF4B92718C0BB0033C164 /* MKMapView+CustomZoom.swift */,
			);
			path = extensions;
			sourceTree = "<group>";
		};
		62249B8027090A680040E177 /* views */ = {
			isa = PBXGroup;
			children = (
				62249B8127090A8A0040E177 /* ClubCell.swift */,
				625D974F270A07BE00B138CD /* MenuCell.swift */,
				620A5D61271A24D3002775FB /* VisitPrepareCell.swift */,
				62A6C4142722ED6C0006F4C4 /* TrainingCell.swift */,
				62A6C41A2722EEF50006F4C4 /* FeedbackCell.swift */,
				625D9753270A4B4700B138CD /* BusinessCell.swift */,
				62A41EB92716359700241226 /* AnswerCell.swift */,
				62A6C4172722EEE00006F4C4 /* TrackingCell.swift */,
			);
			path = views;
			sourceTree = "<group>";
		};
		623233D92705475A0068A21B = {
			isa = PBXGroup;
			children = (
				623233E42705475A0068A21B /* geotag */,
				623233E32705475A0068A21B /* Products */,
				623FF4BF2718FAF90033C164 /* Frameworks */,
			);
			sourceTree = "<group>";
		};
		623233E32705475A0068A21B /* Products */ = {
			isa = PBXGroup;
			children = (
				623233E22705475A0068A21B /* geotag.app */,
				623FF4B427187A970033C164 /* geotagdev.app */,
			);
			name = Products;
			sourceTree = "<group>";
		};
		623233E42705475A0068A21B /* geotag */ = {
			isa = PBXGroup;
			children = (
				623FF51D271901F80033C164 /* coredata */,
				62EC11CC27177B9000D5B5AA /* utils */,
				62249B8027090A680040E177 /* views */,
				62249B792708E4270040E177 /* extensions */,
				623233E52705475A0068A21B /* AppDelegate.swift */,
				623233E72705475A0068A21B /* SceneDelegate.swift */,
				62249B782708DE520040E177 /* controllers */,
				623233F12705475B0068A21B /* Assets.xcassets */,
				623233F32705475B0068A21B /* LaunchScreen.storyboard */,
				6210389C271F163700155709 /* Localizable.strings */,
				623233F62705475B0068A21B /* Info.plist */,
				623233EE2705475A0068A21B /* geotag.xcdatamodeld */,
				623FF4B527187A970033C164 /* geotagdev-Info.plist */,
			);
			path = geotag;
			sourceTree = "<group>";
		};
		623FF4BF2718FAF90033C164 /* Frameworks */ = {
			isa = PBXGroup;
			children = (
			);
			name = Frameworks;
			sourceTree = "<group>";
		};
		623FF51D271901F80033C164 /* coredata */ = {
			isa = PBXGroup;
			children = (
				62D9AF8F271F601000C9812A /* OfflineGeocode+CoreDataClass.swift */,
				62D9AF90271F601000C9812A /* OfflineGeocode+CoreDataProperties.swift */,
				62D9AF91271F601000C9812A /* AnswerInfo+CoreDataClass.swift */,
				62D9AF92271F601000C9812A /* AnswerInfo+CoreDataProperties.swift */,
				62D9AF93271F601000C9812A /* QuestionInfo+CoreDataClass.swift */,
				62D9AF94271F601000C9812A /* QuestionInfo+CoreDataProperties.swift */,
				62D9AF95271F601000C9812A /* ClubInfo+CoreDataClass.swift */,
				62D9AF96271F601000C9812A /* ClubInfo+CoreDataProperties.swift */,
				62D9AF97271F601000C9812A /* DropDownItem+CoreDataClass.swift */,
				62D9AF98271F601000C9812A /* DropDownItem+CoreDataProperties.swift */,
				62D9AF99271F601000C9812A /* LabelInfo+CoreDataClass.swift */,
				62D9AF9A271F601000C9812A /* LabelInfo+CoreDataProperties.swift */,
				62D9AF9B271F601000C9812A /* VisitInfo+CoreDataClass.swift */,
				62D9AF9C271F601000C9812A /* VisitInfo+CoreDataProperties.swift */,
			);
			path = coredata;
			sourceTree = "<group>";
		};
		62EC11CC27177B9000D5B5AA /* utils */ = {
			isa = PBXGroup;
			children = (
				62EC11CD27177BB500D5B5AA /* NetworkMonitor.swift */,
				62D9AF8C271F589000C9812A /* OfflineManager.swift */,
				623FF4B627188AE70033C164 /* Constatns.swift */,
				62B56CF0271A661900A58ACC /* Artwork.swift */,
			);
			path = utils;
			sourceTree = "<group>";
		};
/* End PBXGroup section */

/* Begin PBXNativeTarget section */
		623233E12705475A0068A21B /* geotag */ = {
			isa = PBXNativeTarget;
			buildConfigurationList = 623233F92705475B0068A21B /* Build configuration list for PBXNativeTarget "geotag" */;
			buildPhases = (
				623233DE2705475A0068A21B /* Sources */,
				623233DF2705475A0068A21B /* Frameworks */,
				623233E02705475A0068A21B /* Resources */,
			);
			buildRules = (
			);
			dependencies = (
			);
			name = geotag;
			packageProductDependencies = (
				62EC11D02717820500D5B5AA /* Reachability */,
				623FF4BD2718F6710033C164 /* SwiftyJSON */,
				62B56CEC271A521800A58ACC /* JGProgressHUD */,
			);
			productName = geotag;
			productReference = 623233E22705475A0068A21B /* geotag.app */;
			productType = "com.apple.product-type.application";
		};
		623FF49527187A970033C164 /* geotagdev */ = {
			isa = PBXNativeTarget;
			buildConfigurationList = 623FF4B127187A970033C164 /* Build configuration list for PBXNativeTarget "geotagdev" */;
			buildPhases = (
				623FF49827187A970033C164 /* Sources */,
				623FF4AC27187A970033C164 /* Frameworks */,
				623FF4AE27187A970033C164 /* Resources */,
			);
			buildRules = (
			);
			dependencies = (
			);
			name = geotagdev;
			packageProductDependencies = (
				623FF49627187A970033C164 /* Reachability */,
				623FF4C02718FAF90033C164 /* SwiftyJSON */,
				62B56CEE271A539B00A58ACC /* JGProgressHUD */,
			);
			productName = geotag;
			productReference = 623FF4B427187A970033C164 /* geotagdev.app */;
			productType = "com.apple.product-type.application";
		};
/* End PBXNativeTarget section */

/* Begin PBXProject section */
		623233DA2705475A0068A21B /* Project object */ = {
			isa = PBXProject;
			attributes = {
				BuildIndependentTargetsInParallel = 1;
				LastSwiftUpdateCheck = 1300;
				LastUpgradeCheck = 1300;
				TargetAttributes = {
					623233E12705475A0068A21B = {
						CreatedOnToolsVersion = 13.0;
					};
				};
			};
			buildConfigurationList = 623233DD2705475A0068A21B /* Build configuration list for PBXProject "geotag" */;
			compatibilityVersion = "Xcode 13.0";
			developmentRegion = en;
			hasScannedForEncodings = 0;
			knownRegions = (
				en,
				Base,
				id,
			);
			mainGroup = 623233D92705475A0068A21B;
			packageReferences = (
				62EC11CF2717820500D5B5AA /* XCRemoteSwiftPackageReference "Reachability" */,
				623FF4BC2718F6710033C164 /* XCRemoteSwiftPackageReference "SwiftyJSON" */,
				62B56CEB271A521800A58ACC /* XCRemoteSwiftPackageReference "JGProgressHUD" */,
			);
			productRefGroup = 623233E32705475A0068A21B /* Products */;
			projectDirPath = "";
			projectRoot = "";
			targets = (
				623233E12705475A0068A21B /* geotag */,
				623FF49527187A970033C164 /* geotagdev */,
			);
		};
/* End PBXProject section */

/* Begin PBXResourcesBuildPhase section */
		623233E02705475A0068A21B /* Resources */ = {
			isa = PBXResourcesBuildPhase;
			buildActionMask = 2147483647;
			files = (
				6210389E271F163700155709 /* Localizable.strings in Resources */,
				623233F52705475B0068A21B /* LaunchScreen.storyboard in Resources */,
				623233F22705475B0068A21B /* Assets.xcassets in Resources */,
			);
			runOnlyForDeploymentPostprocessing = 0;
		};
		623FF4AE27187A970033C164 /* Resources */ = {
			isa = PBXResourcesBuildPhase;
			buildActionMask = 2147483647;
			files = (
				6210389F271F163700155709 /* Localizable.strings in Resources */,
				623FF4AF27187A970033C164 /* LaunchScreen.storyboard in Resources */,
				623FF4B027187A970033C164 /* Assets.xcassets in Resources */,
			);
			runOnlyForDeploymentPostprocessing = 0;
		};
/* End PBXResourcesBuildPhase section */

/* Begin PBXSourcesBuildPhase section */
		623233DE2705475A0068A21B /* Sources */ = {
			isa = PBXSourcesBuildPhase;
			buildActionMask = 2147483647;
			files = (
				628558C1271B897A001A93C0 /* geotag.xcdatamodeld in Sources */,
				62A6C4152722ED6C0006F4C4 /* TrainingCell.swift in Sources */,
				623233E62705475A0068A21B /* AppDelegate.swift in Sources */,
				62D9AFAD271F601000C9812A /* DropDownItem+CoreDataClass.swift in Sources */,
				62D9AF9D271F601000C9812A /* OfflineGeocode+CoreDataClass.swift in Sources */,
				623233E82705475A0068A21B /* SceneDelegate.swift in Sources */,
				623FF4B727188AE70033C164 /* Constatns.swift in Sources */,
				62D9AFB3271F601000C9812A /* LabelInfo+CoreDataProperties.swift in Sources */,
				625D9752270A102100B138CD /* TrainingController.swift in Sources */,
				625D974C2709FE8F00B138CD /* MenuController.swift in Sources */,
				625D9754270A4B4700B138CD /* BusinessCell.swift in Sources */,
				62D9AF9F271F601000C9812A /* OfflineGeocode+CoreDataProperties.swift in Sources */,
				62B56CF1271A661900A58ACC /* Artwork.swift in Sources */,
				62249B7F270909A10040E177 /* HomeController.swift in Sources */,
				62249B8427093CA70040E177 /* ClubSearchController.swift in Sources */,
				625D974A2709FE4700B138CD /* HBSplitViewController.swift in Sources */,
				62D9AFB5271F601000C9812A /* VisitInfo+CoreDataClass.swift in Sources */,
				62D9AFA9271F601000C9812A /* ClubInfo+CoreDataClass.swift in Sources */,
				625D974E270A043700B138CD /* BusinessController.swift in Sources */,
				62249B7B2708E44E0040E177 /* UIColor+CustomColor.swift in Sources */,
				62249B772708DE4D0040E177 /* LoginController.swift in Sources */,
				62A6C4182722EEE00006F4C4 /* TrackingCell.swift in Sources */,
				6207D08C2714C47F009414A5 /* VisitPrepareController.swift in Sources */,
				62249B8227090A8A0040E177 /* ClubCell.swift in Sources */,
				62A6C4212722EF750006F4C4 /* FeedbackController.swift in Sources */,
				623FF4BA2718C0BB0033C164 /* MKMapView+CustomZoom.swift in Sources */,
				620A5D62271A24D3002775FB /* VisitPrepareCell.swift in Sources */,
				62D9AFA3271F601000C9812A /* AnswerInfo+CoreDataProperties.swift in Sources */,
				62D9AF8D271F589000C9812A /* OfflineManager.swift in Sources */,
				62A6C41B2722EEF50006F4C4 /* FeedbackCell.swift in Sources */,
				62D9AFB7271F601000C9812A /* VisitInfo+CoreDataProperties.swift in Sources */,
				621038A2271F180F00155709 /* String+CustomLocal.swift in Sources */,
				625D9750270A07BE00B138CD /* MenuCell.swift in Sources */,
				62A41EBA2716359700241226 /* AnswerCell.swift in Sources */,
				62D9AFA7271F601000C9812A /* QuestionInfo+CoreDataProperties.swift in Sources */,
				62D9AFB1271F601000C9812A /* LabelInfo+CoreDataClass.swift in Sources */,
				62EC11CE27177BB500D5B5AA /* NetworkMonitor.swift in Sources */,
				62D9AFAB271F601000C9812A /* ClubInfo+CoreDataProperties.swift in Sources */,
				62D9AFA1271F601000C9812A /* AnswerInfo+CoreDataClass.swift in Sources */,
				62249B7D270907A00040E177 /* HBNavigationController.swift in Sources */,
				62D9AFA5271F601000C9812A /* QuestionInfo+CoreDataClass.swift in Sources */,
				625D9756270A557700B138CD /* QuestionController.swift in Sources */,
				62A6C41E2722EF630006F4C4 /* TrackingController.swift in Sources */,
				62D9AFAF271F601000C9812A /* DropDownItem+CoreDataProperties.swift in Sources */,
			);
			runOnlyForDeploymentPostprocessing = 0;
		};
		623FF49827187A970033C164 /* Sources */ = {
			isa = PBXSourcesBuildPhase;
			buildActionMask = 2147483647;
			files = (
				628558C2271B8984001A93C0 /* geotag.xcdatamodeld in Sources */,
				62A6C4162722ED6C0006F4C4 /* TrainingCell.swift in Sources */,
				623FF49927187A970033C164 /* AppDelegate.swift in Sources */,
				62D9AFAE271F601000C9812A /* DropDownItem+CoreDataClass.swift in Sources */,
				62D9AF9E271F601000C9812A /* OfflineGeocode+CoreDataClass.swift in Sources */,
				623FF49B27187A970033C164 /* SceneDelegate.swift in Sources */,
				623FF4B827188AE70033C164 /* Constatns.swift in Sources */,
				62D9AFB4271F601000C9812A /* LabelInfo+CoreDataProperties.swift in Sources */,
				623FF49C27187A970033C164 /* TrainingController.swift in Sources */,
				623FF49D27187A970033C164 /* MenuController.swift in Sources */,
				623FF49E27187A970033C164 /* BusinessCell.swift in Sources */,
				62D9AFA0271F601000C9812A /* OfflineGeocode+CoreDataProperties.swift in Sources */,
				62B56CF2271A661900A58ACC /* Artwork.swift in Sources */,
				623FF49F27187A970033C164 /* HomeController.swift in Sources */,
				623FF4A027187A970033C164 /* ClubSearchController.swift in Sources */,
				623FF4A127187A970033C164 /* HBSplitViewController.swift in Sources */,
				62D9AFB6271F601000C9812A /* VisitInfo+CoreDataClass.swift in Sources */,
				62D9AFAA271F601000C9812A /* ClubInfo+CoreDataClass.swift in Sources */,
				623FF4A227187A970033C164 /* BusinessController.swift in Sources */,
				623FF4A327187A970033C164 /* UIColor+CustomColor.swift in Sources */,
				623FF4A427187A970033C164 /* LoginController.swift in Sources */,
				62A6C4192722EEE00006F4C4 /* TrackingCell.swift in Sources */,
				623FF4A527187A970033C164 /* VisitPrepareController.swift in Sources */,
				623FF4A627187A970033C164 /* ClubCell.swift in Sources */,
				62A6C4222722EF750006F4C4 /* FeedbackController.swift in Sources */,
				623FF4BB2718C0BB0033C164 /* MKMapView+CustomZoom.swift in Sources */,
				620A5D63271A24D3002775FB /* VisitPrepareCell.swift in Sources */,
				62D9AFA4271F601000C9812A /* AnswerInfo+CoreDataProperties.swift in Sources */,
				62D9AF8E271F589000C9812A /* OfflineManager.swift in Sources */,
				62A6C41C2722EEF50006F4C4 /* FeedbackCell.swift in Sources */,
				62D9AFB8271F601000C9812A /* VisitInfo+CoreDataProperties.swift in Sources */,
				621038A3271F180F00155709 /* String+CustomLocal.swift in Sources */,
				623FF4A727187A970033C164 /* MenuCell.swift in Sources */,
				623FF4A827187A970033C164 /* AnswerCell.swift in Sources */,
				62D9AFA8271F601000C9812A /* QuestionInfo+CoreDataProperties.swift in Sources */,
				62D9AFB2271F601000C9812A /* LabelInfo+CoreDataClass.swift in Sources */,
				623FF4A927187A970033C164 /* NetworkMonitor.swift in Sources */,
				62D9AFAC271F601000C9812A /* ClubInfo+CoreDataProperties.swift in Sources */,
				62D9AFA2271F601000C9812A /* AnswerInfo+CoreDataClass.swift in Sources */,
				623FF4AA27187A970033C164 /* HBNavigationController.swift in Sources */,
				62D9AFA6271F601000C9812A /* QuestionInfo+CoreDataClass.swift in Sources */,
				623FF4AB27187A970033C164 /* QuestionController.swift in Sources */,
				62A6C41F2722EF630006F4C4 /* TrackingController.swift in Sources */,
				62D9AFB0271F601000C9812A /* DropDownItem+CoreDataProperties.swift in Sources */,
			);
			runOnlyForDeploymentPostprocessing = 0;
		};
/* End PBXSourcesBuildPhase section */

/* Begin PBXVariantGroup section */
		6210389C271F163700155709 /* Localizable.strings */ = {
			isa = PBXVariantGroup;
			children = (
				6210389D271F163700155709 /* Base */,
				621038A0271F165E00155709 /* id */,
			);
			name = Localizable.strings;
			sourceTree = "<group>";
		};
		623233F32705475B0068A21B /* LaunchScreen.storyboard */ = {
			isa = PBXVariantGroup;
			children = (
				623233F42705475B0068A21B /* Base */,
			);
			name = LaunchScreen.storyboard;
			sourceTree = "<group>";
		};
/* End PBXVariantGroup section */

/* Begin XCBuildConfiguration section */
		623233F72705475B0068A21B /* Debug */ = {
			isa = XCBuildConfiguration;
			buildSettings = {
				ALWAYS_SEARCH_USER_PATHS = NO;
				CLANG_ANALYZER_LOCALIZABILITY_NONLOCALIZED = YES;
				CLANG_ANALYZER_NONNULL = YES;
				CLANG_ANALYZER_NUMBER_OBJECT_CONVERSION = YES_AGGRESSIVE;
				CLANG_CXX_LANGUAGE_STANDARD = "gnu++17";
				CLANG_CXX_LIBRARY = "libc++";
				CLANG_ENABLE_MODULES = YES;
				CLANG_ENABLE_OBJC_ARC = YES;
				CLANG_ENABLE_OBJC_WEAK = YES;
				CLANG_WARN_BLOCK_CAPTURE_AUTORELEASING = YES;
				CLANG_WARN_BOOL_CONVERSION = YES;
				CLANG_WARN_COMMA = YES;
				CLANG_WARN_CONSTANT_CONVERSION = YES;
				CLANG_WARN_DEPRECATED_OBJC_IMPLEMENTATIONS = YES;
				CLANG_WARN_DIRECT_OBJC_ISA_USAGE = YES_ERROR;
				CLANG_WARN_DOCUMENTATION_COMMENTS = YES;
				CLANG_WARN_EMPTY_BODY = YES;
				CLANG_WARN_ENUM_CONVERSION = YES;
				CLANG_WARN_INFINITE_RECURSION = YES;
				CLANG_WARN_INT_CONVERSION = YES;
				CLANG_WARN_NON_LITERAL_NULL_CONVERSION = YES;
				CLANG_WARN_OBJC_IMPLICIT_RETAIN_SELF = YES;
				CLANG_WARN_OBJC_LITERAL_CONVERSION = YES;
				CLANG_WARN_OBJC_ROOT_CLASS = YES_ERROR;
				CLANG_WARN_QUOTED_INCLUDE_IN_FRAMEWORK_HEADER = YES;
				CLANG_WARN_RANGE_LOOP_ANALYSIS = YES;
				CLANG_WARN_STRICT_PROTOTYPES = YES;
				CLANG_WARN_SUSPICIOUS_MOVE = YES;
				CLANG_WARN_UNGUARDED_AVAILABILITY = YES_AGGRESSIVE;
				CLANG_WARN_UNREACHABLE_CODE = YES;
				CLANG_WARN__DUPLICATE_METHOD_MATCH = YES;
				COPY_PHASE_STRIP = NO;
				DEBUG_INFORMATION_FORMAT = dwarf;
				ENABLE_STRICT_OBJC_MSGSEND = YES;
				ENABLE_TESTABILITY = YES;
				GCC_C_LANGUAGE_STANDARD = gnu11;
				GCC_DYNAMIC_NO_PIC = NO;
				GCC_NO_COMMON_BLOCKS = YES;
				GCC_OPTIMIZATION_LEVEL = 0;
				GCC_PREPROCESSOR_DEFINITIONS = (
					"DEBUG=1",
					"$(inherited)",
				);
				GCC_WARN_64_TO_32_BIT_CONVERSION = YES;
				GCC_WARN_ABOUT_RETURN_TYPE = YES_ERROR;
				GCC_WARN_UNDECLARED_SELECTOR = YES;
				GCC_WARN_UNINITIALIZED_AUTOS = YES_AGGRESSIVE;
				GCC_WARN_UNUSED_FUNCTION = YES;
				GCC_WARN_UNUSED_VARIABLE = YES;
				IPHONEOS_DEPLOYMENT_TARGET = 15.0;
				MTL_ENABLE_DEBUG_INFO = INCLUDE_SOURCE;
				MTL_FAST_MATH = YES;
				ONLY_ACTIVE_ARCH = YES;
				SDKROOT = iphoneos;
				SWIFT_ACTIVE_COMPILATION_CONDITIONS = DEBUG;
				SWIFT_OPTIMIZATION_LEVEL = "-Onone";
			};
			name = Debug;
		};
		623233F82705475B0068A21B /* Release */ = {
			isa = XCBuildConfiguration;
			buildSettings = {
				ALWAYS_SEARCH_USER_PATHS = NO;
				CLANG_ANALYZER_LOCALIZABILITY_NONLOCALIZED = YES;
				CLANG_ANALYZER_NONNULL = YES;
				CLANG_ANALYZER_NUMBER_OBJECT_CONVERSION = YES_AGGRESSIVE;
				CLANG_CXX_LANGUAGE_STANDARD = "gnu++17";
				CLANG_CXX_LIBRARY = "libc++";
				CLANG_ENABLE_MODULES = YES;
				CLANG_ENABLE_OBJC_ARC = YES;
				CLANG_ENABLE_OBJC_WEAK = YES;
				CLANG_WARN_BLOCK_CAPTURE_AUTORELEASING = YES;
				CLANG_WARN_BOOL_CONVERSION = YES;
				CLANG_WARN_COMMA = YES;
				CLANG_WARN_CONSTANT_CONVERSION = YES;
				CLANG_WARN_DEPRECATED_OBJC_IMPLEMENTATIONS = YES;
				CLANG_WARN_DIRECT_OBJC_ISA_USAGE = YES_ERROR;
				CLANG_WARN_DOCUMENTATION_COMMENTS = YES;
				CLANG_WARN_EMPTY_BODY = YES;
				CLANG_WARN_ENUM_CONVERSION = YES;
				CLANG_WARN_INFINITE_RECURSION = YES;
				CLANG_WARN_INT_CONVERSION = YES;
				CLANG_WARN_NON_LITERAL_NULL_CONVERSION = YES;
				CLANG_WARN_OBJC_IMPLICIT_RETAIN_SELF = YES;
				CLANG_WARN_OBJC_LITERAL_CONVERSION = YES;
				CLANG_WARN_OBJC_ROOT_CLASS = YES_ERROR;
				CLANG_WARN_QUOTED_INCLUDE_IN_FRAMEWORK_HEADER = YES;
				CLANG_WARN_RANGE_LOOP_ANALYSIS = YES;
				CLANG_WARN_STRICT_PROTOTYPES = YES;
				CLANG_WARN_SUSPICIOUS_MOVE = YES;
				CLANG_WARN_UNGUARDED_AVAILABILITY = YES_AGGRESSIVE;
				CLANG_WARN_UNREACHABLE_CODE = YES;
				CLANG_WARN__DUPLICATE_METHOD_MATCH = YES;
				COPY_PHASE_STRIP = NO;
				DEBUG_INFORMATION_FORMAT = "dwarf-with-dsym";
				ENABLE_NS_ASSERTIONS = NO;
				ENABLE_STRICT_OBJC_MSGSEND = YES;
				GCC_C_LANGUAGE_STANDARD = gnu11;
				GCC_NO_COMMON_BLOCKS = YES;
				GCC_WARN_64_TO_32_BIT_CONVERSION = YES;
				GCC_WARN_ABOUT_RETURN_TYPE = YES_ERROR;
				GCC_WARN_UNDECLARED_SELECTOR = YES;
				GCC_WARN_UNINITIALIZED_AUTOS = YES_AGGRESSIVE;
				GCC_WARN_UNUSED_FUNCTION = YES;
				GCC_WARN_UNUSED_VARIABLE = YES;
				IPHONEOS_DEPLOYMENT_TARGET = 15.0;
				MTL_ENABLE_DEBUG_INFO = NO;
				MTL_FAST_MATH = YES;
				SDKROOT = iphoneos;
				SWIFT_COMPILATION_MODE = wholemodule;
				SWIFT_OPTIMIZATION_LEVEL = "-O";
				VALIDATE_PRODUCT = YES;
			};
			name = Release;
		};
		623233FA2705475B0068A21B /* Debug */ = {
			isa = XCBuildConfiguration;
			buildSettings = {
				ASSETCATALOG_COMPILER_APPICON_NAME = AppIcon;
				ASSETCATALOG_COMPILER_GLOBAL_ACCENT_COLOR_NAME = AccentColor;
				CODE_SIGN_IDENTITY = "iPhone Developer: Arnold Fernandes (YZ76828866)";
				CODE_SIGN_STYLE = Manual;
				CURRENT_PROJECT_VERSION = 1;
				DEVELOPMENT_TEAM = M2ZD82MNK3;
				GENERATE_INFOPLIST_FILE = YES;
				INFOPLIST_FILE = geotag/Info.plist;
				INFOPLIST_KEY_UIApplicationSupportsIndirectInputEvents = YES;
				INFOPLIST_KEY_UILaunchStoryboardName = LaunchScreen;
				INFOPLIST_KEY_UISupportedInterfaceOrientations_iPad = "UIInterfaceOrientationPortrait UIInterfaceOrientationPortraitUpsideDown UIInterfaceOrientationLandscapeLeft UIInterfaceOrientationLandscapeRight";
				INFOPLIST_KEY_UISupportedInterfaceOrientations_iPhone = "UIInterfaceOrientationPortrait UIInterfaceOrientationLandscapeLeft UIInterfaceOrientationLandscapeRight";
				LD_RUNPATH_SEARCH_PATHS = (
					"$(inherited)",
					"@executable_path/Frameworks",
				);
				MARKETING_VERSION = 1.0;
				PRODUCT_BUNDLE_IDENTIFIER = com.herbalife.geotag;
				PRODUCT_NAME = "$(TARGET_NAME)";
				PROVISIONING_PROFILE_SPECIFIER = geotagdev;
				SWIFT_EMIT_LOC_STRINGS = YES;
				SWIFT_VERSION = 5.0;
				TARGETED_DEVICE_FAMILY = "1,2";
			};
			name = Debug;
		};
		623233FB2705475B0068A21B /* Release */ = {
			isa = XCBuildConfiguration;
			buildSettings = {
				ASSETCATALOG_COMPILER_APPICON_NAME = AppIcon;
				ASSETCATALOG_COMPILER_GLOBAL_ACCENT_COLOR_NAME = AccentColor;
				CODE_SIGN_IDENTITY = "iPhone Distribution: HERBALIFE INTERNATIONAL OF AMERICA, INC.";
				CODE_SIGN_STYLE = Manual;
				CURRENT_PROJECT_VERSION = 1;
				DEVELOPMENT_TEAM = M2ZD82MNK3;
				GENERATE_INFOPLIST_FILE = YES;
				INFOPLIST_FILE = geotag/Info.plist;
				INFOPLIST_KEY_UIApplicationSupportsIndirectInputEvents = YES;
				INFOPLIST_KEY_UILaunchStoryboardName = LaunchScreen;
				INFOPLIST_KEY_UISupportedInterfaceOrientations_iPad = "UIInterfaceOrientationPortrait UIInterfaceOrientationPortraitUpsideDown UIInterfaceOrientationLandscapeLeft UIInterfaceOrientationLandscapeRight";
				INFOPLIST_KEY_UISupportedInterfaceOrientations_iPhone = "UIInterfaceOrientationPortrait UIInterfaceOrientationLandscapeLeft UIInterfaceOrientationLandscapeRight";
				LD_RUNPATH_SEARCH_PATHS = (
					"$(inherited)",
					"@executable_path/Frameworks",
				);
				MARKETING_VERSION = 1.0;
				PRODUCT_BUNDLE_IDENTIFIER = com.herbalife.geotag;
				PRODUCT_NAME = "$(TARGET_NAME)";
				PROVISIONING_PROFILE_SPECIFIER = geotagdis;
				SWIFT_EMIT_LOC_STRINGS = YES;
				SWIFT_VERSION = 5.0;
				TARGETED_DEVICE_FAMILY = "1,2";
			};
			name = Release;
		};
		623FF4B227187A970033C164 /* Debug */ = {
			isa = XCBuildConfiguration;
			buildSettings = {
				ASSETCATALOG_COMPILER_APPICON_NAME = AppIconDev;
				ASSETCATALOG_COMPILER_GLOBAL_ACCENT_COLOR_NAME = AccentColor;
				CODE_SIGN_IDENTITY = "iPhone Developer: Arnold Fernandes (YZ76828866)";
				CODE_SIGN_STYLE = Manual;
				CURRENT_PROJECT_VERSION = 1;
				DEVELOPMENT_TEAM = M2ZD82MNK3;
				GENERATE_INFOPLIST_FILE = YES;
				INFOPLIST_FILE = "geotagdev-Info.plist";
				INFOPLIST_KEY_NSLocationWhenInUseUsageDescription = "Please allow to use the location feature.";
				INFOPLIST_KEY_UIApplicationSupportsIndirectInputEvents = YES;
				INFOPLIST_KEY_UILaunchStoryboardName = LaunchScreen;
				INFOPLIST_KEY_UISupportedInterfaceOrientations_iPad = "UIInterfaceOrientationPortrait UIInterfaceOrientationPortraitUpsideDown UIInterfaceOrientationLandscapeLeft UIInterfaceOrientationLandscapeRight";
				INFOPLIST_KEY_UISupportedInterfaceOrientations_iPhone = "UIInterfaceOrientationPortrait UIInterfaceOrientationLandscapeLeft UIInterfaceOrientationLandscapeRight";
				LD_RUNPATH_SEARCH_PATHS = (
					"$(inherited)",
					"@executable_path/Frameworks",
				);
				MARKETING_VERSION = 1.0;
				MTL_ENABLE_DEBUG_INFO = NO;
				OTHER_SWIFT_FLAGS = "-DDEV";
				PRODUCT_BUNDLE_IDENTIFIER = com.herbalife.geotagnp;
				PRODUCT_NAME = "$(TARGET_NAME)";
				PROVISIONING_PROFILE_SPECIFIER = geotagnpdev;
				SWIFT_EMIT_LOC_STRINGS = YES;
				SWIFT_VERSION = 5.0;
				TARGETED_DEVICE_FAMILY = "1,2";
			};
			name = Debug;
		};
		623FF4B327187A970033C164 /* Release */ = {
			isa = XCBuildConfiguration;
			buildSettings = {
				ASSETCATALOG_COMPILER_APPICON_NAME = AppIconDev;
				ASSETCATALOG_COMPILER_GLOBAL_ACCENT_COLOR_NAME = AccentColor;
				CODE_SIGN_IDENTITY = "iPhone Distribution: HERBALIFE INTERNATIONAL OF AMERICA, INC.";
				CODE_SIGN_STYLE = Manual;
				CURRENT_PROJECT_VERSION = 1;
				DEVELOPMENT_TEAM = M2ZD82MNK3;
				GENERATE_INFOPLIST_FILE = YES;
				INFOPLIST_FILE = "geotagdev-Info.plist";
				INFOPLIST_KEY_NSLocationWhenInUseUsageDescription = "Please allow to use the location feature.";
				INFOPLIST_KEY_UIApplicationSupportsIndirectInputEvents = YES;
				INFOPLIST_KEY_UILaunchStoryboardName = LaunchScreen;
				INFOPLIST_KEY_UISupportedInterfaceOrientations_iPad = "UIInterfaceOrientationPortrait UIInterfaceOrientationPortraitUpsideDown UIInterfaceOrientationLandscapeLeft UIInterfaceOrientationLandscapeRight";
				INFOPLIST_KEY_UISupportedInterfaceOrientations_iPhone = "UIInterfaceOrientationPortrait UIInterfaceOrientationLandscapeLeft UIInterfaceOrientationLandscapeRight";
				LD_RUNPATH_SEARCH_PATHS = (
					"$(inherited)",
					"@executable_path/Frameworks",
				);
				MARKETING_VERSION = 1.0;
				OTHER_SWIFT_FLAGS = "-DDEV";
				PRODUCT_BUNDLE_IDENTIFIER = com.herbalife.geotagnp;
				PRODUCT_NAME = "$(TARGET_NAME)";
				PROVISIONING_PROFILE_SPECIFIER = geotagnpdis;
				SWIFT_EMIT_LOC_STRINGS = YES;
				SWIFT_VERSION = 5.0;
				TARGETED_DEVICE_FAMILY = "1,2";
			};
			name = Release;
		};
/* End XCBuildConfiguration section */

/* Begin XCConfigurationList section */
		623233DD2705475A0068A21B /* Build configuration list for PBXProject "geotag" */ = {
			isa = XCConfigurationList;
			buildConfigurations = (
				623233F72705475B0068A21B /* Debug */,
				623233F82705475B0068A21B /* Release */,
			);
			defaultConfigurationIsVisible = 0;
			defaultConfigurationName = Release;
		};
		623233F92705475B0068A21B /* Build configuration list for PBXNativeTarget "geotag" */ = {
			isa = XCConfigurationList;
			buildConfigurations = (
				623233FA2705475B0068A21B /* Debug */,
				623233FB2705475B0068A21B /* Release */,
			);
			defaultConfigurationIsVisible = 0;
			defaultConfigurationName = Release;
		};
		623FF4B127187A970033C164 /* Build configuration list for PBXNativeTarget "geotagdev" */ = {
			isa = XCConfigurationList;
			buildConfigurations = (
				623FF4B227187A970033C164 /* Debug */,
				623FF4B327187A970033C164 /* Release */,
			);
			defaultConfigurationIsVisible = 0;
			defaultConfigurationName = Release;
		};
/* End XCConfigurationList section */

/* Begin XCRemoteSwiftPackageReference section */
		623FF49727187A970033C164 /* XCRemoteSwiftPackageReference "Reachability" */ = {
			isa = XCRemoteSwiftPackageReference;
			repositoryURL = "https://github.com/ashleymills/Reachability.swift";
			requirement = {
				kind = upToNextMajorVersion;
				minimumVersion = 5.0.0;
			};
		};
		623FF4BC2718F6710033C164 /* XCRemoteSwiftPackageReference "SwiftyJSON" */ = {
			isa = XCRemoteSwiftPackageReference;
			repositoryURL = "https://github.com/SwiftyJSON/SwiftyJSON";
			requirement = {
				branch = master;
				kind = branch;
			};
		};
		62B56CEB271A521800A58ACC /* XCRemoteSwiftPackageReference "JGProgressHUD" */ = {
			isa = XCRemoteSwiftPackageReference;
			repositoryURL = "https://github.com/JonasGessner/JGProgressHUD.git";
			requirement = {
				kind = upToNextMajorVersion;
				minimumVersion = 2.0.0;
			};
		};
		62EC11CF2717820500D5B5AA /* XCRemoteSwiftPackageReference "Reachability" */ = {
			isa = XCRemoteSwiftPackageReference;
			repositoryURL = "https://github.com/ashleymills/Reachability.swift";
			requirement = {
				kind = upToNextMajorVersion;
				minimumVersion = 5.0.0;
			};
		};
/* End XCRemoteSwiftPackageReference section */

/* Begin XCSwiftPackageProductDependency section */
		623FF49627187A970033C164 /* Reachability */ = {
			isa = XCSwiftPackageProductDependency;
			package = 623FF49727187A970033C164 /* XCRemoteSwiftPackageReference "Reachability" */;
			productName = Reachability;
		};
		623FF4BD2718F6710033C164 /* SwiftyJSON */ = {
			isa = XCSwiftPackageProductDependency;
			package = 623FF4BC2718F6710033C164 /* XCRemoteSwiftPackageReference "SwiftyJSON" */;
			productName = SwiftyJSON;
		};
		623FF4C02718FAF90033C164 /* SwiftyJSON */ = {
			isa = XCSwiftPackageProductDependency;
			package = 623FF4BC2718F6710033C164 /* XCRemoteSwiftPackageReference "SwiftyJSON" */;
			productName = SwiftyJSON;
		};
		62B56CEC271A521800A58ACC /* JGProgressHUD */ = {
			isa = XCSwiftPackageProductDependency;
			package = 62B56CEB271A521800A58ACC /* XCRemoteSwiftPackageReference "JGProgressHUD" */;
			productName = JGProgressHUD;
		};
		62B56CEE271A539B00A58ACC /* JGProgressHUD */ = {
			isa = XCSwiftPackageProductDependency;
			package = 62B56CEB271A521800A58ACC /* XCRemoteSwiftPackageReference "JGProgressHUD" */;
			productName = JGProgressHUD;
		};
		62EC11D02717820500D5B5AA /* Reachability */ = {
			isa = XCSwiftPackageProductDependency;
			package = 62EC11CF2717820500D5B5AA /* XCRemoteSwiftPackageReference "Reachability" */;
			productName = Reachability;
		};
/* End XCSwiftPackageProductDependency section */

/* Begin XCVersionGroup section */
		623233EE2705475A0068A21B /* geotag.xcdatamodeld */ = {
			isa = XCVersionGroup;
			children = (
				623233EF2705475A0068A21B /* geotag.xcdatamodel */,
			);
			currentVersion = 623233EF2705475A0068A21B /* geotag.xcdatamodel */;
			path = geotag.xcdatamodeld;
			sourceTree = "<group>";
			versionGroupType = wrapper.xcdatamodel;
		};
/* End XCVersionGroup section */
	};
	rootObject = 623233DA2705475A0068A21B /* Project object */;
}
